<?xml version="1.0" encoding="utf-8"?>
<Project ToolsVersion="4.0" xmlns:atg="http://atg.xbox.com" xmlns="http://schemas.microsoft.com/developer/msbuild/2003">
  <ItemGroup>
    <Filter Include="Resource Files">
      <UniqueIdentifier>{8e114980-c1a3-4ada-ad7c-83caadf5daeb}</UniqueIdentifier>
      <Extensions>rc;ico;cur;bmp;dlg;rc2;rct;bin;rgs;gif;jpg;jpeg;jpe</Extensions>
    </Filter>
    <Filter Include="Shaders">
      <UniqueIdentifier>{2c3d4c8c-5d1a-459a-a05a-a4e4b608a44e}</UniqueIdentifier>
      <Extensions>fx;fxh;hlsl</Extensions>
    </Filter>
    <Filter Include="WorldObjects">
      <UniqueIdentifier>{bffa2eaa-c384-4911-b82a-739d62dd79ff}</UniqueIdentifier>
    </Filter>
    <Filter Include="Buffers">
      <UniqueIdentifier>{8fefbae6-1c32-48cc-b98c-228161ae4b20}</UniqueIdentifier>
    </Filter>
    <Filter Include="Vertices">
      <UniqueIdentifier>{5cc73bd8-3217-4673-ad39-0d0adaa3704c}</UniqueIdentifier>
    </Filter>
    <Filter Include="Lighting">
      <UniqueIdentifier>{fbe5bdbb-93c1-441d-ba80-be6fda263c0a}</UniqueIdentifier>
    </Filter>
    <Filter Include="Loading">
      <UniqueIdentifier>{9eddb964-8397-4530-8c1a-54a30aa7d2e1}</UniqueIdentifier>
    </Filter>
    <Filter Include="Loading\Modelling">
      <UniqueIdentifier>{4f6311fa-ea69-44b3-b90a-6e0b1204086f}</UniqueIdentifier>
    </Filter>
    <Filter Include="Loading\Texturing">
      <UniqueIdentifier>{a9b98451-5cb0-4c64-82ae-ad151cd8b753}</UniqueIdentifier>
    </Filter>
    <Filter Include="Levels">
      <UniqueIdentifier>{26d51986-b2ec-4aef-a652-17671f23750a}</UniqueIdentifier>
    </Filter>
  </ItemGroup>
  <ItemGroup>
    <ClInclude Include="Application.h" />
    <ClInclude Include="Lights.h">
      <Filter>Lighting</Filter>
    </ClInclude>
    <ClInclude Include="Materials.h">
      <Filter>Lighting</Filter>
    </ClInclude>
    <ClInclude Include="Camera.h">
      <Filter>WorldObjects</Filter>
    </ClInclude>
    <ClInclude Include="Actor.h">
      <Filter>WorldObjects</Filter>
    </ClInclude>
    <ClInclude Include="Buffers.h">
      <Filter>Buffers</Filter>
    </ClInclude>
    <ClInclude Include="Vertices.h">
      <Filter>Vertices</Filter>
    </ClInclude>
    <ClInclude Include="Normals.h">
      <Filter>Vertices</Filter>
    </ClInclude>
    <ClInclude Include="DDSTextureLoader.h">
      <Filter>Loading\Texturing</Filter>
    </ClInclude>
    <ClInclude Include="OBJLoader.h">
      <Filter>Loading\Modelling</Filter>
    </ClInclude>
    <ClInclude Include="Loading.h">
      <Filter>Loading</Filter>
    </ClInclude>
    <ClInclude Include="Level.h">
      <Filter>Levels</Filter>
    </ClInclude>
    <ClInclude Include="Billboard.h" />
  </ItemGroup>
  <ItemGroup>
    <ClCompile Include="Application.cpp" />
    <ClCompile Include="DX11 Framework.cpp" />
    <ClCompile Include="Camera.cpp">
      <Filter>WorldObjects</Filter>
    </ClCompile>
    <ClCompile Include="Actor.cpp">
      <Filter>WorldObjects</Filter>
    </ClCompile>
    <ClCompile Include="Normals.cpp">
      <Filter>Vertices</Filter>
    </ClCompile>
    <ClCompile Include="DDSTextureLoader.cpp">
      <Filter>Loading\Texturing</Filter>
    </ClCompile>
    <ClCompile Include="OBJLoader.cpp">
      <Filter>Loading\Modelling</Filter>
    </ClCompile>
    <ClCompile Include="Loading.cpp">
      <Filter>Loading</Filter>
    </ClCompile>
    <ClCompile Include="Level.cpp">
      <Filter>Levels</Filter>
    </ClCompile>
    <ClCompile Include="Billboard.cpp" />
  </ItemGroup>
  <ItemGroup>
    <CLInclude Include="resource.h">
      <Filter>Resource Files</Filter>
    </CLInclude>
  </ItemGroup>
  <ItemGroup>
    <ResourceCompile Include="DX11 Framework.rc">
      <Filter>Resource Files</Filter>
    </ResourceCompile>
  </ItemGroup>
  <ItemGroup>
    <FxCompile Include="DX11 Framework.hlsl">
      <Filter>Shaders</Filter>
    </FxCompile>
  </ItemGroup>
  <ItemGroup>
    <None Include="Levels\Level1.json">
      <Filter>Levels</Filter>
    </None>
    <None Include="packages.config" />
  </ItemGroup>
</Project>